
Microsoft Visual Studio Solution File, Format Version 12.00
# Visual Studio Version 16
VisualStudioVersion = 16.0.31005.135
MinimumVisualStudioVersion = 10.0.40219.1
Project("{FAE04EC0-301F-11D3-BF4B-00C04F79EFBC}") = "kurs", "kurs\kurs.csproj", "{CF747C07-A0D2-4E99-A49E-8B33FA15E4DC}"
EndProject
Global
	GlobalSection(SolutionConfigurationPlatforms) = preSolution
		Debug|Any CPU = Debug|Any CPU
		Release|Any CPU = Release|Any CPU
	EndGlobalSection
	GlobalSection(ProjectConfigurationPlatforms) = postSolution
		{CF747C07-A0D2-4E99-A49E-8B33FA15E4DC}.Debug|Any CPU.ActiveCfg = Debug|Any CPU
		{CF747C07-A0D2-4E99-A49E-8B33FA15E4DC}.Debug|Any CPU.Build.0 = Debug|Any CPU
		{CF747C07-A0D2-4E99-A49E-8B33FA15E4DC}.Release|Any CPU.ActiveCfg = Release|Any CPU
		{CF747C07-A0D2-4E99-A49E-8B33FA15E4DC}.Release|Any CPU.Build.0 = Release|Any CPU
	EndGlobalSection
	GlobalSection(SolutionProperties) = preSolution
		HideSolutionNode = FALSE
	EndGlobalSection
	GlobalSection(ExtensibilityGlobals) = postSolution
		SolutionGuid = {796578FA-080F-4C8C-A801-9E7B1BF2A63F}
	EndGlobalSection
EndGlobal
